
Microsoft Visual Studio Solution File, Format Version 12.00
# Visual Studio 14
VisualStudioVersion = 14.0.25420.1
MinimumVisualStudioVersion = 10.0.40219.1
Project("{FAE04EC0-301F-11D3-BF4B-00C04F79EFBC}") = "Vista", "Vista\Vista.csproj", "{88491F1A-4110-44E6-9839-638E193B3E7E}"
EndProject
Project("{FAE04EC0-301F-11D3-BF4B-00C04F79EFBC}") = "Negocio", "Negocio\Negocio.csproj", "{F5A2B4FB-128F-4255-9A06-07A649BACE9E}"
EndProject
Project("{FAE04EC0-301F-11D3-BF4B-00C04F79EFBC}") = "Modelo", "Modelo\Modelo.csproj", "{3F20EE6C-822E-492E-A169-69969F187A47}"
EndProject
Project("{FAE04EC0-301F-11D3-BF4B-00C04F79EFBC}") = "Entidad", "Entidad\Entidad.csproj", "{B01A2A9C-5D04-4DED-BF5E-048990D1A898}"
EndProject
Global
	GlobalSection(SolutionConfigurationPlatforms) = preSolution
		Debug|Any CPU = Debug|Any CPU
		Release|Any CPU = Release|Any CPU
	EndGlobalSection
	GlobalSection(ProjectConfigurationPlatforms) = postSolution
		{88491F1A-4110-44E6-9839-638E193B3E7E}.Debug|Any CPU.ActiveCfg = Debug|Any CPU
		{88491F1A-4110-44E6-9839-638E193B3E7E}.Debug|Any CPU.Build.0 = Debug|Any CPU
		{88491F1A-4110-44E6-9839-638E193B3E7E}.Release|Any CPU.ActiveCfg = Release|Any CPU
		{88491F1A-4110-44E6-9839-638E193B3E7E}.Release|Any CPU.Build.0 = Release|Any CPU
		{F5A2B4FB-128F-4255-9A06-07A649BACE9E}.Debug|Any CPU.ActiveCfg = Debug|Any CPU
		{F5A2B4FB-128F-4255-9A06-07A649BACE9E}.Debug|Any CPU.Build.0 = Debug|Any CPU
		{F5A2B4FB-128F-4255-9A06-07A649BACE9E}.Release|Any CPU.ActiveCfg = Release|Any CPU
		{F5A2B4FB-128F-4255-9A06-07A649BACE9E}.Release|Any CPU.Build.0 = Release|Any CPU
		{3F20EE6C-822E-492E-A169-69969F187A47}.Debug|Any CPU.ActiveCfg = Debug|Any CPU
		{3F20EE6C-822E-492E-A169-69969F187A47}.Debug|Any CPU.Build.0 = Debug|Any CPU
		{3F20EE6C-822E-492E-A169-69969F187A47}.Release|Any CPU.ActiveCfg = Release|Any CPU
		{3F20EE6C-822E-492E-A169-69969F187A47}.Release|Any CPU.Build.0 = Release|Any CPU
		{B01A2A9C-5D04-4DED-BF5E-048990D1A898}.Debug|Any CPU.ActiveCfg = Debug|Any CPU
		{B01A2A9C-5D04-4DED-BF5E-048990D1A898}.Debug|Any CPU.Build.0 = Debug|Any CPU
		{B01A2A9C-5D04-4DED-BF5E-048990D1A898}.Release|Any CPU.ActiveCfg = Release|Any CPU
		{B01A2A9C-5D04-4DED-BF5E-048990D1A898}.Release|Any CPU.Build.0 = Release|Any CPU
	EndGlobalSection
	GlobalSection(SolutionProperties) = preSolution
		HideSolutionNode = FALSE
	EndGlobalSection
EndGlobal
